
Microsoft Visual Studio Solution File, Format Version 12.00
# Visual Studio Version 16
VisualStudioVersion = 16.0.31129.286
MinimumVisualStudioVersion = 10.0.40219.1
Project("{FAE04EC0-301F-11D3-BF4B-00C04F79EFBC}") = "hii", "hii.csproj", "{FDB3732D-5D16-47D5-8359-5362C8D607CD}"
EndProject
Global
	GlobalSection(SolutionConfigurationPlatforms) = preSolution
		Debug|Any CPU = Debug|Any CPU
		Release|Any CPU = Release|Any CPU
	EndGlobalSection
	GlobalSection(ProjectConfigurationPlatforms) = postSolution
		{FDB3732D-5D16-47D5-8359-5362C8D607CD}.Debug|Any CPU.ActiveCfg = Debug|Any CPU
		{FDB3732D-5D16-47D5-8359-5362C8D607CD}.Debug|Any CPU.Build.0 = Debug|Any CPU
		{FDB3732D-5D16-47D5-8359-5362C8D607CD}.Release|Any CPU.ActiveCfg = Release|Any CPU
		{FDB3732D-5D16-47D5-8359-5362C8D607CD}.Release|Any CPU.Build.0 = Release|Any CPU
	EndGlobalSection
	GlobalSection(SolutionProperties) = preSolution
		HideSolutionNode = FALSE
	EndGlobalSection
	GlobalSection(ExtensibilityGlobals) = postSolution
		SolutionGuid = {6C3C341F-4219-4CB5-901B-B8C6B4E78EAB}
	EndGlobalSection
EndGlobal
